
Microsoft Visual Studio Solution File, Format Version 12.00
# Visual Studio Version 16
VisualStudioVersion = 16.0.31321.278
MinimumVisualStudioVersion = 10.0.40219.1
Project("{FAE04EC0-301F-11D3-BF4B-00C04F79EFBC}") = "2048", "2048\2048.csproj", "{FC5974C3-6C68-4E38-967C-0DC0A81B5646}"
EndProject
Global
	GlobalSection(SolutionConfigurationPlatforms) = preSolution
		Debug|Any CPU = Debug|Any CPU
		Release|Any CPU = Release|Any CPU
	EndGlobalSection
	GlobalSection(ProjectConfigurationPlatforms) = postSolution
		{FC5974C3-6C68-4E38-967C-0DC0A81B5646}.Debug|Any CPU.ActiveCfg = Debug|Any CPU
		{FC5974C3-6C68-4E38-967C-0DC0A81B5646}.Debug|Any CPU.Build.0 = Debug|Any CPU
		{FC5974C3-6C68-4E38-967C-0DC0A81B5646}.Release|Any CPU.ActiveCfg = Release|Any CPU
		{FC5974C3-6C68-4E38-967C-0DC0A81B5646}.Release|Any CPU.Build.0 = Release|Any CPU
	EndGlobalSection
	GlobalSection(SolutionProperties) = preSolution
		HideSolutionNode = FALSE
	EndGlobalSection
	GlobalSection(ExtensibilityGlobals) = postSolution
		SolutionGuid = {6B381142-A1A3-4A93-B34B-B1A6279BE07A}
	EndGlobalSection
EndGlobal
